// !$*UTF8*$!
{
	archiveVersion = 1;
	classes = {
	};
	objectVersion = 46;
	objects = {

/* Begin PBXBuildFile section */
		4681D21F18F0C2A40056FE31 /* Audio.m in Sources */ = {isa = PBXBuildFile; fileRef = 4681D21E18F0C2A40056FE31 /* Audio.m */; };
		4681D22118F0F0D80056FE31 /* AVFoundation.framework in Frameworks */ = {isa = PBXBuildFile; fileRef = 4681D22018F0F0D80056FE31 /* AVFoundation.framework */; };
		4681D22418F0F4330056FE31 /* background1.mp3 in Resources */ = {isa = PBXBuildFile; fileRef = 4681D22218F0F4330056FE31 /* background1.mp3 */; };
		4681D22518F0F4330056FE31 /* background2.mp3 in Resources */ = {isa = PBXBuildFile; fileRef = 4681D22318F0F4330056FE31 /* background2.mp3 */; };
		4681D22818F107010056FE31 /* Global_variable.m in Sources */ = {isa = PBXBuildFile; fileRef = 4681D22718F107010056FE31 /* Global_variable.m */; };
		46ADCE6B18F114DA0002D9B7 /* background.mp3 in Resources */ = {isa = PBXBuildFile; fileRef = 46ADCE6918F114DA0002D9B7 /* background.mp3 */; };
		46ADCE6C18F114DA0002D9B7 /* cut.mp3 in Resources */ = {isa = PBXBuildFile; fileRef = 46ADCE6A18F114DA0002D9B7 /* cut.mp3 */; };
		961265D118D3582500672777 /* Foundation.framework in Frameworks */ = {isa = PBXBuildFile; fileRef = 961265D018D3582500672777 /* Foundation.framework */; };
		961265D318D3582500672777 /* CoreGraphics.framework in Frameworks */ = {isa = PBXBuildFile; fileRef = 961265D218D3582500672777 /* CoreGraphics.framework */; };
		961265D518D3582500672777 /* UIKit.framework in Frameworks */ = {isa = PBXBuildFile; fileRef = 961265D418D3582500672777 /* UIKit.framework */; };
		961265D718D3582500672777 /* SpriteKit.framework in Frameworks */ = {isa = PBXBuildFile; fileRef = 961265D618D3582500672777 /* SpriteKit.framework */; };
		961265DD18D3582500672777 /* InfoPlist.strings in Resources */ = {isa = PBXBuildFile; fileRef = 961265DB18D3582500672777 /* InfoPlist.strings */; };
		961265DF18D3582500672777 /* main.m in Sources */ = {isa = PBXBuildFile; fileRef = 961265DE18D3582500672777 /* main.m */; };
		961265E318D3582500672777 /* AppDelegate.m in Sources */ = {isa = PBXBuildFile; fileRef = 961265E218D3582500672777 /* AppDelegate.m */; };
		961265EC18D3582500672777 /* ViewController.m in Sources */ = {isa = PBXBuildFile; fileRef = 961265EB18D3582500672777 /* ViewController.m */; };
		961265F318D3582500672777 /* Images.xcassets in Resources */ = {isa = PBXBuildFile; fileRef = 961265F218D3582500672777 /* Images.xcassets */; };
		961265FA18D3582600672777 /* XCTest.framework in Frameworks */ = {isa = PBXBuildFile; fileRef = 961265F918D3582600672777 /* XCTest.framework */; };
		961265FB18D3582600672777 /* Foundation.framework in Frameworks */ = {isa = PBXBuildFile; fileRef = 961265D018D3582500672777 /* Foundation.framework */; };
		961265FC18D3582600672777 /* UIKit.framework in Frameworks */ = {isa = PBXBuildFile; fileRef = 961265D418D3582500672777 /* UIKit.framework */; };
		9612660418D3582600672777 /* InfoPlist.strings in Resources */ = {isa = PBXBuildFile; fileRef = 9612660218D3582600672777 /* InfoPlist.strings */; };
		9612660618D3582600672777 /* Slash_It_Tests.m in Sources */ = {isa = PBXBuildFile; fileRef = 9612660518D3582600672777 /* Slash_It_Tests.m */; };
		9612661118D35A2E00672777 /* cat.png in Resources */ = {isa = PBXBuildFile; fileRef = 9612661018D35A2E00672777 /* cat.png */; };
		9612661D18D35C1E00672777 /* EnvironmentScreenViewController.m in Sources */ = {isa = PBXBuildFile; fileRef = 9612661418D35C1E00672777 /* EnvironmentScreenViewController.m */; };
		9612661E18D35C1E00672777 /* GameCenterScreenViewController.m in Sources */ = {isa = PBXBuildFile; fileRef = 9612661618D35C1E00672777 /* GameCenterScreenViewController.m */; };
		9612661F18D35C1E00672777 /* LevelScreenViewController.m in Sources */ = {isa = PBXBuildFile; fileRef = 9612661818D35C1E00672777 /* LevelScreenViewController.m */; };
		9612662018D35C1E00672777 /* ScoreScreenViewController.m in Sources */ = {isa = PBXBuildFile; fileRef = 9612661A18D35C1E00672777 /* ScoreScreenViewController.m */; };
		9612662118D35C1E00672777 /* SettingScreenViewController.m in Sources */ = {isa = PBXBuildFile; fileRef = 9612661C18D35C1E00672777 /* SettingScreenViewController.m */; };
		9612662618D35C3900672777 /* HomeScreenViewController.m in Sources */ = {isa = PBXBuildFile; fileRef = 9612662318D35C3900672777 /* HomeScreenViewController.m */; };
		9612662718D35C3900672777 /* WelcomeScreenViewController.m in Sources */ = {isa = PBXBuildFile; fileRef = 9612662518D35C3900672777 /* WelcomeScreenViewController.m */; };
		968FF6A818DF7CD8002A40D9 /* GameScene.m in Sources */ = {isa = PBXBuildFile; fileRef = 968FF6A718DF7CD8002A40D9 /* GameScene.m */; };
		96F6A5F118DE185700265771 /* Level-plist.plist in Resources */ = {isa = PBXBuildFile; fileRef = 96F6A5F018DE185700265771 /* Level-plist.plist */; };
		96F6A5F318DE313100265771 /* Object-plist.plist in Resources */ = {isa = PBXBuildFile; fileRef = 96F6A5F218DE313100265771 /* Object-plist.plist */; };
		96F6A5F518DE44E500265771 /* Main.storyboard in Resources */ = {isa = PBXBuildFile; fileRef = 96F6A5F418DE44E500265771 /* Main.storyboard */; };
		96F6A5F718DE46A000265771 /* background.jpg in Resources */ = {isa = PBXBuildFile; fileRef = 96F6A5F618DE46A000265771 /* background.jpg */; };
/* End PBXBuildFile section */

/* Begin PBXContainerItemProxy section */
		961265FD18D3582600672777 /* PBXContainerItemProxy */ = {
			isa = PBXContainerItemProxy;
			containerPortal = 961265C518D3582500672777 /* Project object */;
			proxyType = 1;
			remoteGlobalIDString = 961265CC18D3582500672777;
			remoteInfo = "Slash It!";
		};
/* End PBXContainerItemProxy section */

/* Begin PBXFileReference section */
		4681D21D18F0C2A40056FE31 /* Audio.h */ = {isa = PBXFileReference; fileEncoding = 4; lastKnownFileType = sourcecode.c.h; path = Audio.h; sourceTree = "<group>"; };
		4681D21E18F0C2A40056FE31 /* Audio.m */ = {isa = PBXFileReference; fileEncoding = 4; lastKnownFileType = sourcecode.c.objc; path = Audio.m; sourceTree = "<group>"; };
		4681D22018F0F0D80056FE31 /* AVFoundation.framework */ = {isa = PBXFileReference; lastKnownFileType = wrapper.framework; name = AVFoundation.framework; path = System/Library/Frameworks/AVFoundation.framework; sourceTree = SDKROOT; };
		4681D22218F0F4330056FE31 /* background1.mp3 */ = {isa = PBXFileReference; lastKnownFileType = audio.mp3; path = background1.mp3; sourceTree = "<group>"; };
		4681D22318F0F4330056FE31 /* background2.mp3 */ = {isa = PBXFileReference; lastKnownFileType = audio.mp3; path = background2.mp3; sourceTree = "<group>"; };
		4681D22618F107010056FE31 /* Global_variable.h */ = {isa = PBXFileReference; fileEncoding = 4; lastKnownFileType = sourcecode.c.h; path = Global_variable.h; sourceTree = "<group>"; };
		4681D22718F107010056FE31 /* Global_variable.m */ = {isa = PBXFileReference; fileEncoding = 4; lastKnownFileType = sourcecode.c.objc; path = Global_variable.m; sourceTree = "<group>"; };
		46ADCE6918F114DA0002D9B7 /* background.mp3 */ = {isa = PBXFileReference; lastKnownFileType = audio.mp3; path = background.mp3; sourceTree = "<group>"; };
		46ADCE6A18F114DA0002D9B7 /* cut.mp3 */ = {isa = PBXFileReference; lastKnownFileType = audio.mp3; path = cut.mp3; sourceTree = "<group>"; };
		961265CD18D3582500672777 /* Slash It!.app */ = {isa = PBXFileReference; explicitFileType = wrapper.application; includeInIndex = 0; path = "Slash It!.app"; sourceTree = BUILT_PRODUCTS_DIR; };
		961265D018D3582500672777 /* Foundation.framework */ = {isa = PBXFileReference; lastKnownFileType = wrapper.framework; name = Foundation.framework; path = System/Library/Frameworks/Foundation.framework; sourceTree = SDKROOT; };
		961265D218D3582500672777 /* CoreGraphics.framework */ = {isa = PBXFileReference; lastKnownFileType = wrapper.framework; name = CoreGraphics.framework; path = System/Library/Frameworks/CoreGraphics.framework; sourceTree = SDKROOT; };
		961265D418D3582500672777 /* UIKit.framework */ = {isa = PBXFileReference; lastKnownFileType = wrapper.framework; name = UIKit.framework; path = System/Library/Frameworks/UIKit.framework; sourceTree = SDKROOT; };
		961265D618D3582500672777 /* SpriteKit.framework */ = {isa = PBXFileReference; lastKnownFileType = wrapper.framework; name = SpriteKit.framework; path = System/Library/Frameworks/SpriteKit.framework; sourceTree = SDKROOT; };
		961265DA18D3582500672777 /* Slash It!-Info.plist */ = {isa = PBXFileReference; lastKnownFileType = text.plist.xml; path = "Slash It!-Info.plist"; sourceTree = "<group>"; };
		961265DC18D3582500672777 /* en */ = {isa = PBXFileReference; lastKnownFileType = text.plist.strings; name = en; path = en.lproj/InfoPlist.strings; sourceTree = "<group>"; };
		961265DE18D3582500672777 /* main.m */ = {isa = PBXFileReference; lastKnownFileType = sourcecode.c.objc; path = main.m; sourceTree = "<group>"; };
		961265E018D3582500672777 /* Slash It!-Prefix.pch */ = {isa = PBXFileReference; lastKnownFileType = sourcecode.c.h; path = "Slash It!-Prefix.pch"; sourceTree = "<group>"; };
		961265E118D3582500672777 /* AppDelegate.h */ = {isa = PBXFileReference; lastKnownFileType = sourcecode.c.h; path = AppDelegate.h; sourceTree = "<group>"; };
		961265E218D3582500672777 /* AppDelegate.m */ = {isa = PBXFileReference; lastKnownFileType = sourcecode.c.objc; path = AppDelegate.m; sourceTree = "<group>"; };
		961265EA18D3582500672777 /* ViewController.h */ = {isa = PBXFileReference; lastKnownFileType = sourcecode.c.h; path = ViewController.h; sourceTree = "<group>"; };
		961265EB18D3582500672777 /* ViewController.m */ = {isa = PBXFileReference; lastKnownFileType = sourcecode.c.objc; path = ViewController.m; sourceTree = "<group>"; };
		961265F218D3582500672777 /* Images.xcassets */ = {isa = PBXFileReference; lastKnownFileType = folder.assetcatalog; path = Images.xcassets; sourceTree = "<group>"; };
		961265F818D3582600672777 /* Slash It!Tests.xctest */ = {isa = PBXFileReference; explicitFileType = wrapper.cfbundle; includeInIndex = 0; path = "Slash It!Tests.xctest"; sourceTree = BUILT_PRODUCTS_DIR; };
		961265F918D3582600672777 /* XCTest.framework */ = {isa = PBXFileReference; lastKnownFileType = wrapper.framework; name = XCTest.framework; path = Library/Frameworks/XCTest.framework; sourceTree = DEVELOPER_DIR; };
		9612660118D3582600672777 /* Slash It!Tests-Info.plist */ = {isa = PBXFileReference; lastKnownFileType = text.plist.xml; path = "Slash It!Tests-Info.plist"; sourceTree = "<group>"; };
		9612660318D3582600672777 /* en */ = {isa = PBXFileReference; lastKnownFileType = text.plist.strings; name = en; path = en.lproj/InfoPlist.strings; sourceTree = "<group>"; };
		9612660518D3582600672777 /* Slash_It_Tests.m */ = {isa = PBXFileReference; lastKnownFileType = sourcecode.c.objc; path = Slash_It_Tests.m; sourceTree = "<group>"; };
		9612661018D35A2E00672777 /* cat.png */ = {isa = PBXFileReference; lastKnownFileType = image.png; path = cat.png; sourceTree = "<group>"; };
		9612661318D35C1E00672777 /* EnvironmentScreenViewController.h */ = {isa = PBXFileReference; fileEncoding = 4; lastKnownFileType = sourcecode.c.h; path = EnvironmentScreenViewController.h; sourceTree = "<group>"; };
		9612661418D35C1E00672777 /* EnvironmentScreenViewController.m */ = {isa = PBXFileReference; fileEncoding = 4; lastKnownFileType = sourcecode.c.objc; path = EnvironmentScreenViewController.m; sourceTree = "<group>"; };
		9612661518D35C1E00672777 /* GameCenterScreenViewController.h */ = {isa = PBXFileReference; fileEncoding = 4; lastKnownFileType = sourcecode.c.h; path = GameCenterScreenViewController.h; sourceTree = "<group>"; };
		9612661618D35C1E00672777 /* GameCenterScreenViewController.m */ = {isa = PBXFileReference; fileEncoding = 4; lastKnownFileType = sourcecode.c.objc; path = GameCenterScreenViewController.m; sourceTree = "<group>"; };
		9612661718D35C1E00672777 /* LevelScreenViewController.h */ = {isa = PBXFileReference; fileEncoding = 4; lastKnownFileType = sourcecode.c.h; path = LevelScreenViewController.h; sourceTree = "<group>"; };
		9612661818D35C1E00672777 /* LevelScreenViewController.m */ = {isa = PBXFileReference; fileEncoding = 4; lastKnownFileType = sourcecode.c.objc; path = LevelScreenViewController.m; sourceTree = "<group>"; };
		9612661918D35C1E00672777 /* ScoreScreenViewController.h */ = {isa = PBXFileReference; fileEncoding = 4; lastKnownFileType = sourcecode.c.h; path = ScoreScreenViewController.h; sourceTree = "<group>"; };
		9612661A18D35C1E00672777 /* ScoreScreenViewController.m */ = {isa = PBXFileReference; fileEncoding = 4; lastKnownFileType = sourcecode.c.objc; path = ScoreScreenViewController.m; sourceTree = "<group>"; };
		9612661B18D35C1E00672777 /* SettingScreenViewController.h */ = {isa = PBXFileReference; fileEncoding = 4; lastKnownFileType = sourcecode.c.h; path = SettingScreenViewController.h; sourceTree = "<group>"; };
		9612661C18D35C1E00672777 /* SettingScreenViewController.m */ = {isa = PBXFileReference; fileEncoding = 4; lastKnownFileType = sourcecode.c.objc; path = SettingScreenViewController.m; sourceTree = "<group>"; };
		9612662218D35C3900672777 /* HomeScreenViewController.h */ = {isa = PBXFileReference; fileEncoding = 4; lastKnownFileType = sourcecode.c.h; path = HomeScreenViewController.h; sourceTree = "<group>"; };
		9612662318D35C3900672777 /* HomeScreenViewController.m */ = {isa = PBXFileReference; fileEncoding = 4; lastKnownFileType = sourcecode.c.objc; path = HomeScreenViewController.m; sourceTree = "<group>"; };
		9612662418D35C3900672777 /* WelcomeScreenViewController.h */ = {isa = PBXFileReference; fileEncoding = 4; lastKnownFileType = sourcecode.c.h; path = WelcomeScreenViewController.h; sourceTree = "<group>"; };
		9612662518D35C3900672777 /* WelcomeScreenViewController.m */ = {isa = PBXFileReference; fileEncoding = 4; lastKnownFileType = sourcecode.c.objc; path = WelcomeScreenViewController.m; sourceTree = "<group>"; };
		968FF6A618DF7CD8002A40D9 /* GameScene.h */ = {isa = PBXFileReference; fileEncoding = 4; lastKnownFileType = sourcecode.c.h; path = GameScene.h; sourceTree = "<group>"; };
		968FF6A718DF7CD8002A40D9 /* GameScene.m */ = {isa = PBXFileReference; fileEncoding = 4; lastKnownFileType = sourcecode.c.objc; path = GameScene.m; sourceTree = "<group>"; };
		96F6A5F018DE185700265771 /* Level-plist.plist */ = {isa = PBXFileReference; fileEncoding = 4; lastKnownFileType = text.plist.xml; path = "Level-plist.plist"; sourceTree = "<group>"; };
		96F6A5F218DE313100265771 /* Object-plist.plist */ = {isa = PBXFileReference; fileEncoding = 4; lastKnownFileType = text.plist.xml; path = "Object-plist.plist"; sourceTree = "<group>"; };
		96F6A5F418DE44E500265771 /* Main.storyboard */ = {isa = PBXFileReference; fileEncoding = 4; lastKnownFileType = file.storyboard; path = Main.storyboard; sourceTree = "<group>"; };
		96F6A5F618DE46A000265771 /* background.jpg */ = {isa = PBXFileReference; lastKnownFileType = image.jpeg; path = background.jpg; sourceTree = "<group>"; };
/* End PBXFileReference section */

/* Begin PBXFrameworksBuildPhase section */
		961265CA18D3582500672777 /* Frameworks */ = {
			isa = PBXFrameworksBuildPhase;
			buildActionMask = 2147483647;
			files = (
				4681D22118F0F0D80056FE31 /* AVFoundation.framework in Frameworks */,
				961265D318D3582500672777 /* CoreGraphics.framework in Frameworks */,
				961265D518D3582500672777 /* UIKit.framework in Frameworks */,
				961265D718D3582500672777 /* SpriteKit.framework in Frameworks */,
				961265D118D3582500672777 /* Foundation.framework in Frameworks */,
			);
			runOnlyForDeploymentPostprocessing = 0;
		};
		961265F518D3582600672777 /* Frameworks */ = {
			isa = PBXFrameworksBuildPhase;
			buildActionMask = 2147483647;
			files = (
				961265FA18D3582600672777 /* XCTest.framework in Frameworks */,
				961265FC18D3582600672777 /* UIKit.framework in Frameworks */,
				961265FB18D3582600672777 /* Foundation.framework in Frameworks */,
			);
			runOnlyForDeploymentPostprocessing = 0;
		};
/* End PBXFrameworksBuildPhase section */

/* Begin PBXGroup section */
		4681D21718F0BA7B0056FE31 /* Sound */ = {
			isa = PBXGroup;
			children = (
				4681D21D18F0C2A40056FE31 /* Audio.h */,
				46ADCE6918F114DA0002D9B7 /* background.mp3 */,
				46ADCE6A18F114DA0002D9B7 /* cut.mp3 */,
				4681D22218F0F4330056FE31 /* background1.mp3 */,
				4681D22318F0F4330056FE31 /* background2.mp3 */,
				4681D21E18F0C2A40056FE31 /* Audio.m */,
			);
			name = Sound;
			sourceTree = "<group>";
		};
		961265C418D3582500672777 = {
			isa = PBXGroup;
			children = (
				961265CE18D3582500672777 /* Products */,
				961265CF18D3582500672777 /* Frameworks */,
				961265D818D3582500672777 /* Slash It! */,
				961265FF18D3582600672777 /* Slash It!Tests */,
			);
			sourceTree = "<group>";
		};
		961265CE18D3582500672777 /* Products */ = {
			isa = PBXGroup;
			children = (
				961265CD18D3582500672777 /* Slash It!.app */,
				961265F818D3582600672777 /* Slash It!Tests.xctest */,
			);
			name = Products;
			sourceTree = "<group>";
		};
		961265CF18D3582500672777 /* Frameworks */ = {
			isa = PBXGroup;
			children = (
				4681D22018F0F0D80056FE31 /* AVFoundation.framework */,
				961265D018D3582500672777 /* Foundation.framework */,
				961265D218D3582500672777 /* CoreGraphics.framework */,
				961265D418D3582500672777 /* UIKit.framework */,
				961265D618D3582500672777 /* SpriteKit.framework */,
				961265F918D3582600672777 /* XCTest.framework */,
			);
			name = Frameworks;
			sourceTree = "<group>";
		};
		961265D818D3582500672777 /* Slash It! */ = {
			isa = PBXGroup;
			children = (
				4681D21718F0BA7B0056FE31 /* Sound */,
				96F6A5F418DE44E500265771 /* Main.storyboard */,
				961265E118D3582500672777 /* AppDelegate.h */,
				961265E218D3582500672777 /* AppDelegate.m */,
				9612660F18D35A0900672777 /* Image */,
				961265F218D3582500672777 /* Images.xcassets */,
				9612663518D369A900672777 /* Screen */,
				961265D918D3582500672777 /* Supporting Files */,
				961265EA18D3582500672777 /* ViewController.h */,
				961265EB18D3582500672777 /* ViewController.m */,
				968FF6A618DF7CD8002A40D9 /* GameScene.h */,
				968FF6A718DF7CD8002A40D9 /* GameScene.m */,
			);
			path = "Slash It!";
			sourceTree = "<group>";
		};
		961265D918D3582500672777 /* Supporting Files */ = {
			isa = PBXGroup;
			children = (
				961265DA18D3582500672777 /* Slash It!-Info.plist */,
				961265DB18D3582500672777 /* InfoPlist.strings */,
				961265DE18D3582500672777 /* main.m */,
				961265E018D3582500672777 /* Slash It!-Prefix.pch */,
				96F6A5F018DE185700265771 /* Level-plist.plist */,
				96F6A5F218DE313100265771 /* Object-plist.plist */,
			);
			name = "Supporting Files";
			sourceTree = "<group>";
		};
		961265FF18D3582600672777 /* Slash It!Tests */ = {
			isa = PBXGroup;
			children = (
				9612660518D3582600672777 /* Slash_It_Tests.m */,
				9612660018D3582600672777 /* Supporting Files */,
			);
			path = "Slash It!Tests";
			sourceTree = "<group>";
		};
		9612660018D3582600672777 /* Supporting Files */ = {
			isa = PBXGroup;
			children = (
				9612660118D3582600672777 /* Slash It!Tests-Info.plist */,
				9612660218D3582600672777 /* InfoPlist.strings */,
			);
			name = "Supporting Files";
			sourceTree = "<group>";
		};
		9612660F18D35A0900672777 /* Image */ = {
			isa = PBXGroup;
			children = (
				96F6A5F618DE46A000265771 /* background.jpg */,
				9612661018D35A2E00672777 /* cat.png */,
			);
			name = Image;
			sourceTree = "<group>";
		};
		9612663518D369A900672777 /* Screen */ = {
			isa = PBXGroup;
			children = (
				9612662218D35C3900672777 /* HomeScreenViewController.h */,
				9612662318D35C3900672777 /* HomeScreenViewController.m */,
				9612662418D35C3900672777 /* WelcomeScreenViewController.h */,
				9612662518D35C3900672777 /* WelcomeScreenViewController.m */,
				9612661318D35C1E00672777 /* EnvironmentScreenViewController.h */,
				9612661418D35C1E00672777 /* EnvironmentScreenViewController.m */,
				9612661518D35C1E00672777 /* GameCenterScreenViewController.h */,
				9612661618D35C1E00672777 /* GameCenterScreenViewController.m */,
				9612661718D35C1E00672777 /* LevelScreenViewController.h */,
				9612661818D35C1E00672777 /* LevelScreenViewController.m */,
				9612661918D35C1E00672777 /* ScoreScreenViewController.h */,
				9612661A18D35C1E00672777 /* ScoreScreenViewController.m */,
				9612661B18D35C1E00672777 /* SettingScreenViewController.h */,
				9612661C18D35C1E00672777 /* SettingScreenViewController.m */,
				4681D22618F107010056FE31 /* Global_variable.h */,
				4681D22718F107010056FE31 /* Global_variable.m */,
			);
			name = Screen;
			sourceTree = "<group>";
		};
/* End PBXGroup section */

/* Begin PBXNativeTarget section */
		961265CC18D3582500672777 /* Slash It! */ = {
			isa = PBXNativeTarget;
			buildConfigurationList = 9612660918D3582600672777 /* Build configuration list for PBXNativeTarget "Slash It!" */;
			buildPhases = (
				961265C918D3582500672777 /* Sources */,
				961265CA18D3582500672777 /* Frameworks */,
				961265CB18D3582500672777 /* Resources */,
			);
			buildRules = (
			);
			dependencies = (
			);
			name = "Slash It!";
			productName = "Slash It!";
			productReference = 961265CD18D3582500672777 /* Slash It!.app */;
			productType = "com.apple.product-type.application";
		};
		961265F718D3582600672777 /* Slash It!Tests */ = {
			isa = PBXNativeTarget;
			buildConfigurationList = 9612660C18D3582600672777 /* Build configuration list for PBXNativeTarget "Slash It!Tests" */;
			buildPhases = (
				961265F418D3582600672777 /* Sources */,
				961265F518D3582600672777 /* Frameworks */,
				961265F618D3582600672777 /* Resources */,
			);
			buildRules = (
			);
			dependencies = (
				961265FE18D3582600672777 /* PBXTargetDependency */,
			);
			name = "Slash It!Tests";
			productName = "Slash It!Tests";
			productReference = 961265F818D3582600672777 /* Slash It!Tests.xctest */;
			productType = "com.apple.product-type.bundle.unit-test";
		};
/* End PBXNativeTarget section */

/* Begin PBXProject section */
		961265C518D3582500672777 /* Project object */ = {
			isa = PBXProject;
			attributes = {
				LastUpgradeCheck = 0500;
				ORGANIZATIONNAME = "Savan Rupani";
				TargetAttributes = {
					961265CC18D3582500672777 = {
						DevelopmentTeam = DJ956UH6X5;
					};
					961265F718D3582600672777 = {
						TestTargetID = 961265CC18D3582500672777;
					};
				};
			};
			buildConfigurationList = 961265C818D3582500672777 /* Build configuration list for PBXProject "Slash It!" */;
			compatibilityVersion = "Xcode 3.2";
			developmentRegion = English;
			hasScannedForEncodings = 0;
			knownRegions = (
				en,
				Base,
			);
			mainGroup = 961265C418D3582500672777;
			productRefGroup = 961265CE18D3582500672777 /* Products */;
			projectDirPath = "";
			projectRoot = "";
			targets = (
				961265CC18D3582500672777 /* Slash It! */,
				961265F718D3582600672777 /* Slash It!Tests */,
			);
		};
/* End PBXProject section */

/* Begin PBXResourcesBuildPhase section */
		961265CB18D3582500672777 /* Resources */ = {
			isa = PBXResourcesBuildPhase;
			buildActionMask = 2147483647;
			files = (
				96F6A5F118DE185700265771 /* Level-plist.plist in Resources */,
				4681D22518F0F4330056FE31 /* background2.mp3 in Resources */,
				9612661118D35A2E00672777 /* cat.png in Resources */,
				96F6A5F718DE46A000265771 /* background.jpg in Resources */,
				46ADCE6B18F114DA0002D9B7 /* background.mp3 in Resources */,
				46ADCE6C18F114DA0002D9B7 /* cut.mp3 in Resources */,
				961265F318D3582500672777 /* Images.xcassets in Resources */,
				96F6A5F518DE44E500265771 /* Main.storyboard in Resources */,
				96F6A5F318DE313100265771 /* Object-plist.plist in Resources */,
				4681D22418F0F4330056FE31 /* background1.mp3 in Resources */,
				961265DD18D3582500672777 /* InfoPlist.strings in Resources */,
			);
			runOnlyForDeploymentPostprocessing = 0;
		};
		961265F618D3582600672777 /* Resources */ = {
			isa = PBXResourcesBuildPhase;
			buildActionMask = 2147483647;
			files = (
				9612660418D3582600672777 /* InfoPlist.strings in Resources */,
			);
			runOnlyForDeploymentPostprocessing = 0;
		};
/* End PBXResourcesBuildPhase section */

/* Begin PBXSourcesBuildPhase section */
		961265C918D3582500672777 /* Sources */ = {
			isa = PBXSourcesBuildPhase;
			buildActionMask = 2147483647;
			files = (
				9612662118D35C1E00672777 /* SettingScreenViewController.m in Sources */,
				4681D21F18F0C2A40056FE31 /* Audio.m in Sources */,
				9612662618D35C3900672777 /* HomeScreenViewController.m in Sources */,
				9612661F18D35C1E00672777 /* LevelScreenViewController.m in Sources */,
				9612662718D35C3900672777 /* WelcomeScreenViewController.m in Sources */,
				4681D22818F107010056FE31 /* Global_variable.m in Sources */,
				9612662018D35C1E00672777 /* ScoreScreenViewController.m in Sources */,
				9612661D18D35C1E00672777 /* EnvironmentScreenViewController.m in Sources */,
				9612661E18D35C1E00672777 /* GameCenterScreenViewController.m in Sources */,
				961265EC18D3582500672777 /* ViewController.m in Sources */,
				961265E318D3582500672777 /* AppDelegate.m in Sources */,
				968FF6A818DF7CD8002A40D9 /* GameScene.m in Sources */,
				961265DF18D3582500672777 /* main.m in Sources */,
			);
			runOnlyForDeploymentPostprocessing = 0;
		};
		961265F418D3582600672777 /* Sources */ = {
			isa = PBXSourcesBuildPhase;
			buildActionMask = 2147483647;
			files = (
				9612660618D3582600672777 /* Slash_It_Tests.m in Sources */,
			);
			runOnlyForDeploymentPostprocessing = 0;
		};
/* End PBXSourcesBuildPhase section */

/* Begin PBXTargetDependency section */
		961265FE18D3582600672777 /* PBXTargetDependency */ = {
			isa = PBXTargetDependency;
			target = 961265CC18D3582500672777 /* Slash It! */;
			targetProxy = 961265FD18D3582600672777 /* PBXContainerItemProxy */;
		};
/* End PBXTargetDependency section */

/* Begin PBXVariantGroup section */
		961265DB18D3582500672777 /* InfoPlist.strings */ = {
			isa = PBXVariantGroup;
			children = (
				961265DC18D3582500672777 /* en */,
			);
			name = InfoPlist.strings;
			sourceTree = "<group>";
		};
		9612660218D3582600672777 /* InfoPlist.strings */ = {
			isa = PBXVariantGroup;
			children = (
				9612660318D3582600672777 /* en */,
			);
			name = InfoPlist.strings;
			sourceTree = "<group>";
		};
/* End PBXVariantGroup section */

/* Begin XCBuildConfiguration section */
		9612660718D3582600672777 /* Debug */ = {
			isa = XCBuildConfiguration;
			buildSettings = {
				ALWAYS_SEARCH_USER_PATHS = NO;
				ARCHS = "$(ARCHS_STANDARD_INCLUDING_64_BIT)";
				CLANG_CXX_LANGUAGE_STANDARD = "gnu++0x";
				CLANG_CXX_LIBRARY = "libc++";
				CLANG_ENABLE_MODULES = YES;
				CLANG_ENABLE_OBJC_ARC = YES;
				CLANG_WARN_BOOL_CONVERSION = YES;
				CLANG_WARN_CONSTANT_CONVERSION = YES;
				CLANG_WARN_DIRECT_OBJC_ISA_USAGE = YES_ERROR;
				CLANG_WARN_EMPTY_BODY = YES;
				CLANG_WARN_ENUM_CONVERSION = YES;
				CLANG_WARN_INT_CONVERSION = YES;
				CLANG_WARN_OBJC_ROOT_CLASS = YES_ERROR;
				CLANG_WARN__DUPLICATE_METHOD_MATCH = YES;
				"CODE_SIGN_IDENTITY[sdk=iphoneos*]" = "iPhone Developer";
				COPY_PHASE_STRIP = NO;
				GCC_C_LANGUAGE_STANDARD = gnu99;
				GCC_DYNAMIC_NO_PIC = NO;
				GCC_OPTIMIZATION_LEVEL = 0;
				GCC_PREPROCESSOR_DEFINITIONS = (
					"DEBUG=1",
					"$(inherited)",
				);
				GCC_SYMBOLS_PRIVATE_EXTERN = NO;
				GCC_WARN_64_TO_32_BIT_CONVERSION = YES;
				GCC_WARN_ABOUT_RETURN_TYPE = YES_ERROR;
				GCC_WARN_UNDECLARED_SELECTOR = YES;
				GCC_WARN_UNINITIALIZED_AUTOS = YES;
				GCC_WARN_UNUSED_FUNCTION = YES;
				GCC_WARN_UNUSED_VARIABLE = YES;
				IPHONEOS_DEPLOYMENT_TARGET = 7.0;
				ONLY_ACTIVE_ARCH = YES;
				SDKROOT = iphoneos;
				TARGETED_DEVICE_FAMILY = "1,2";
			};
			name = Debug;
		};
		9612660818D3582600672777 /* Release */ = {
			isa = XCBuildConfiguration;
			buildSettings = {
				ALWAYS_SEARCH_USER_PATHS = NO;
				ARCHS = "$(ARCHS_STANDARD_INCLUDING_64_BIT)";
				CLANG_CXX_LANGUAGE_STANDARD = "gnu++0x";
				CLANG_CXX_LIBRARY = "libc++";
				CLANG_ENABLE_MODULES = YES;
				CLANG_ENABLE_OBJC_ARC = YES;
				CLANG_WARN_BOOL_CONVERSION = YES;
				CLANG_WARN_CONSTANT_CONVERSION = YES;
				CLANG_WARN_DIRECT_OBJC_ISA_USAGE = YES_ERROR;
				CLANG_WARN_EMPTY_BODY = YES;
				CLANG_WARN_ENUM_CONVERSION = YES;
				CLANG_WARN_INT_CONVERSION = YES;
				CLANG_WARN_OBJC_ROOT_CLASS = YES_ERROR;
				CLANG_WARN__DUPLICATE_METHOD_MATCH = YES;
				"CODE_SIGN_IDENTITY[sdk=iphoneos*]" = "iPhone Developer";
				COPY_PHASE_STRIP = YES;
				ENABLE_NS_ASSERTIONS = NO;
				GCC_C_LANGUAGE_STANDARD = gnu99;
				GCC_WARN_64_TO_32_BIT_CONVERSION = YES;
				GCC_WARN_ABOUT_RETURN_TYPE = YES_ERROR;
				GCC_WARN_UNDECLARED_SELECTOR = YES;
				GCC_WARN_UNINITIALIZED_AUTOS = YES;
				GCC_WARN_UNUSED_FUNCTION = YES;
				GCC_WARN_UNUSED_VARIABLE = YES;
				IPHONEOS_DEPLOYMENT_TARGET = 7.0;
				SDKROOT = iphoneos;
				TARGETED_DEVICE_FAMILY = "1,2";
				VALIDATE_PRODUCT = YES;
			};
			name = Release;
		};
		9612660A18D3582600672777 /* Debug */ = {
			isa = XCBuildConfiguration;
			buildSettings = {
				ASSETCATALOG_COMPILER_APPICON_NAME = AppIcon;
				ASSETCATALOG_COMPILER_LAUNCHIMAGE_NAME = LaunchImage;
				CODE_SIGN_IDENTITY = "iPhone Developer";
				"CODE_SIGN_IDENTITY[sdk=iphoneos*]" = "iPhone Developer";
				GCC_PRECOMPILE_PREFIX_HEADER = YES;
				GCC_PREFIX_HEADER = "Slash It!/Slash It!-Prefix.pch";
				INFOPLIST_FILE = "Slash It!/Slash It!-Info.plist";
				PRODUCT_NAME = "$(TARGET_NAME)";
				PROVISIONING_PROFILE = "";
				SPRITEKIT_TEXTURE_ATLAS_OUTPUT = YES;
				WRAPPER_EXTENSION = app;
			};
			name = Debug;
		};
		9612660B18D3582600672777 /* Release */ = {
			isa = XCBuildConfiguration;
			buildSettings = {
				ASSETCATALOG_COMPILER_APPICON_NAME = AppIcon;
				ASSETCATALOG_COMPILER_LAUNCHIMAGE_NAME = LaunchImage;
				CODE_SIGN_IDENTITY = "iPhone Developer";
				"CODE_SIGN_IDENTITY[sdk=iphoneos*]" = "iPhone Developer";
				GCC_PRECOMPILE_PREFIX_HEADER = YES;
				GCC_PREFIX_HEADER = "Slash It!/Slash It!-Prefix.pch";
				INFOPLIST_FILE = "Slash It!/Slash It!-Info.plist";
				PRODUCT_NAME = "$(TARGET_NAME)";
				PROVISIONING_PROFILE = "";
				SPRITEKIT_TEXTURE_ATLAS_OUTPUT = YES;
				WRAPPER_EXTENSION = app;
			};
			name = Release;
		};
		9612660D18D3582600672777 /* Debug */ = {
			isa = XCBuildConfiguration;
			buildSettings = {
				ARCHS = "$(ARCHS_STANDARD_INCLUDING_64_BIT)";
				BUNDLE_LOADER = "$(BUILT_PRODUCTS_DIR)/Slash It!.app/Slash It!";
				FRAMEWORK_SEARCH_PATHS = (
					"$(SDKROOT)/Developer/Library/Frameworks",
					"$(inherited)",
					"$(DEVELOPER_FRAMEWORKS_DIR)",
				);
				GCC_PRECOMPILE_PREFIX_HEADER = YES;
				GCC_PREFIX_HEADER = "Slash It!/Slash It!-Prefix.pch";
				GCC_PREPROCESSOR_DEFINITIONS = (
					"DEBUG=1",
					"$(inherited)",
				);
				INFOPLIST_FILE = "Slash It!Tests/Slash It!Tests-Info.plist";
				PRODUCT_NAME = "$(TARGET_NAME)";
				TEST_HOST = "$(BUNDLE_LOADER)";
				WRAPPER_EXTENSION = xctest;
			};
			name = Debug;
		};
		9612660E18D3582600672777 /* Release */ = {
			isa = XCBuildConfiguration;
			buildSettings = {
				ARCHS = "$(ARCHS_STANDARD_INCLUDING_64_BIT)";
				BUNDLE_LOADER = "$(BUILT_PRODUCTS_DIR)/Slash It!.app/Slash It!";
				FRAMEWORK_SEARCH_PATHS = (
					"$(SDKROOT)/Developer/Library/Frameworks",
					"$(inherited)",
					"$(DEVELOPER_FRAMEWORKS_DIR)",
				);
				GCC_PRECOMPILE_PREFIX_HEADER = YES;
				GCC_PREFIX_HEADER = "Slash It!/Slash It!-Prefix.pch";
				INFOPLIST_FILE = "Slash It!Tests/Slash It!Tests-Info.plist";
				PRODUCT_NAME = "$(TARGET_NAME)";
				TEST_HOST = "$(BUNDLE_LOADER)";
				WRAPPER_EXTENSION = xctest;
			};
			name = Release;
		};
/* End XCBuildConfiguration section */

/* Begin XCConfigurationList section */
		961265C818D3582500672777 /* Build configuration list for PBXProject "Slash It!" */ = {
			isa = XCConfigurationList;
			buildConfigurations = (
				9612660718D3582600672777 /* Debug */,
				9612660818D3582600672777 /* Release */,
			);
			defaultConfigurationIsVisible = 0;
			defaultConfigurationName = Release;
		};
		9612660918D3582600672777 /* Build configuration list for PBXNativeTarget "Slash It!" */ = {
			isa = XCConfigurationList;
			buildConfigurations = (
				9612660A18D3582600672777 /* Debug */,
				9612660B18D3582600672777 /* Release */,
			);
			defaultConfigurationIsVisible = 0;
			defaultConfigurationName = Release;
		};
		9612660C18D3582600672777 /* Build configuration list for PBXNativeTarget "Slash It!Tests" */ = {
			isa = XCConfigurationList;
			buildConfigurations = (
				9612660D18D3582600672777 /* Debug */,
				9612660E18D3582600672777 /* Release */,
			);
			defaultConfigurationIsVisible = 0;
			defaultConfigurationName = Release;
		};
/* End XCConfigurationList section */
	};
	rootObject = 961265C518D3582500672777 /* Project object */;
}
